# This file is generated by running "yarn install" inside your project.
# Manual changes might be lost - proceed with caution!

__metadata:
  version: 4
  cacheKey: 7

"@tests/ex@workspace:.":
  version: 0.0.0-use.local
  resolution: "@tests/ex@workspace:."
  dependencies:
    resolve-pkg: 2.0.0
  languageName: unknown
  linkType: soft

"resolve-from@npm:^5.0.0":
  version: 5.0.0
  resolution: "resolve-from@npm:5.0.0"
  checksum: 0d29fc7012eb21f34d2637fa0602694f60e64c14bf5fbd5395b72f6ea5540a6906cbeef062edefc34c22fd802bfe8ae46ef936e6c4a3f1b1047390f9738dd76f
  languageName: node
  linkType: hard

"resolve-pkg@npm:2.0.0":
  version: 2.0.0
  resolution: "resolve-pkg@npm:2.0.0"
  dependencies:
    resolve-from: ^5.0.0
  checksum: 5f86c1ba8c05ae7e181381718861e046b985ab302dc8167a21a077eec3d029091a542cf49c42bc0717d7d956f2cd2a73928d708f561af1c066aa4d3e62439112
  languageName: node
  linkType: hard
